# THIS IS AN AUTOGENERATED FILE. DO NOT EDIT THIS FILE DIRECTLY.
# yarn lockfile v1


async@0.2.9:
  version "0.2.9"
  resolved "https://registry.yarnpkg.com/async/-/async-0.2.9.tgz#df63060fbf3d33286a76aaf6d55a2986d9ff8619"
  integrity sha512-OAtM6mexGteNKdU29wcUfRW+VuBr94A3hx9h9yzBnPaQAbKoW1ORd68XM4CCAOpdL5wlNFgO29hsY1TKv2vAKw==

colored@^0.0.15:
  version "0.0.15"
  resolved "https://registry.yarnpkg.com/colored/-/colored-0.0.15.tgz#7df12eff905f8af67a6908ae14d9ad2e029d55fb"
  integrity sha512-DUcrG5HGk5gnDTqpvrEXB5r2hhA6Vpf8V7p2Ay1mz2u8UtnGHyEpJVCnrgTEUBfI6bf1VK17FUJFsiayt7QF5Q==
  dependencies:
    colors "0.6.x"
    event-stream "2.2.x"
    nconf "0.6.x"
    xregexp "2.0.x"

colors@0.6.x:
  version "0.6.2"
  resolved "https://registry.yarnpkg.com/colors/-/colors-0.6.2.tgz#2423fe6678ac0c5dae8852e5d0e5be08c997abcc"
  integrity sha512-OsSVtHK8Ir8r3+Fxw/b4jS1ZLPXkV6ZxDRJQzeD7qo0SqMXWrHDM71DgYzPMHY8SFJ0Ao+nNU2p1MmwdzKqPrw==

duplexer@0.0.1:
  version "0.0.1"
  resolved "https://registry.yarnpkg.com/duplexer/-/duplexer-0.0.1.tgz#03caae06f0f13987a15ac898f3a83cd8a9700da6"
  integrity sha512-CoqaS7kODg9HlhxXWQtc6R/WY9NOxJ8NXVAIz5bugUW8M3TX+6YuFEBcXbqhfTN+pztRupqxymyheh5lLS/VJg==

event-stream@2.2.x:
  version "2.2.3"
  resolved "https://registry.yarnpkg.com/event-stream/-/event-stream-2.2.3.tgz#0250205b259916490f6783b41c2e49b3f01d42f7"
  integrity sha512-v5XP2HQz5X6UgOrFMg5qG2Ew8h98NYjB964zoJhVZ4dirqQHWfcFUyhJQVDB5rpLAGMOpwH4OxfznxpozlPB2Q==
  dependencies:
    duplexer "0.0.1"
    from "~0"
    map-stream "0.0.1"
    optimist "0.2"
    through "0.0.4"

from@~0:
  version "0.1.7"
  resolved "https://registry.yarnpkg.com/from/-/from-0.1.7.tgz#83c60afc58b9c56997007ed1a768b3ab303a44fe"
  integrity sha512-twe20eF1OxVxp/ML/kq2p1uc6KvFK/+vs8WjEbeKmV2He22MKm7YF2ANIt+EOqhJ5L3K/SuuPhk0hWQDjOM23g==

ini@1.x.x:
  version "1.3.8"
  resolved "https://registry.yarnpkg.com/ini/-/ini-1.3.8.tgz#a29da425b48806f34767a4efce397269af28432c"
  integrity sha512-JV/yugV2uzW5iMRSiZAyDtQd+nxtUnjeLt0acNdw98kKLrvuRVyB80tsREOE7yvGVgalhZ6RNXCmEHkUKBKxew==

map-stream@0.0.1:
  version "0.0.1"
  resolved "https://registry.yarnpkg.com/map-stream/-/map-stream-0.0.1.tgz#7fd2a254f97e9272aa634717bfc3e73c0662afaa"
  integrity sha512-4khu93cj6f1fqko423wi1O/LTc1kGt41H75wzo9cmnXdq6Qi+hnI0lBoztiGRGcHRy8UaoWVPfNgfOoSJkLWIw==

minimist@~0.0.1:
  version "0.0.10"
  resolved "https://registry.yarnpkg.com/minimist/-/minimist-0.0.10.tgz#de3f98543dbf96082be48ad1a0c7cda836301dcf"
  integrity sha512-iotkTvxc+TwOm5Ieim8VnSNvCDjCK9S8G3scJ50ZthspSxa7jx50jkhYduuAtAjvfDUwSgOwf8+If99AlOEhyw==

nconf@0.6.x:
  version "0.6.9"
  resolved "https://registry.yarnpkg.com/nconf/-/nconf-0.6.9.tgz#9570ef15ed6f9ae6b2b3c8d5e71b66d3193cd661"
  integrity sha512-MHiYHIc2igQsoI1v0IcVE4MVaV/+yIQtduOwUcQNoLd+pPgoKblWKbgU3itkhC0az5w2VMdQlQuAO+oi4qxtJg==
  dependencies:
    async "0.2.9"
    ini "1.x.x"
    optimist "0.6.0"

optimist@0.2:
  version "0.2.8"
  resolved "https://registry.yarnpkg.com/optimist/-/optimist-0.2.8.tgz#e981ab7e268b457948593b55674c099a815cac31"
  integrity sha512-Wy7E3cQDpqsTIFyW7m22hSevyTLxw850ahYv7FWsw4G6MIKVTZ8NSA95KBrQ95a4SMsMr1UGUUnwEFKhVaSzIg==
  dependencies:
    wordwrap ">=0.0.1 <0.1.0"

optimist@0.6.0:
  version "0.6.0"
  resolved "https://registry.yarnpkg.com/optimist/-/optimist-0.6.0.tgz#69424826f3405f79f142e6fc3d9ae58d4dbb9200"
  integrity sha512-ubrZPyOU0AHpXkmwqfWolap+eHMwQ484AKivkf0ZGyysd6fUJZl7ow9iu5UNV1vCZv46HQ7EM83IC3NGJ820hg==
  dependencies:
    minimist "~0.0.1"
    wordwrap "~0.0.2"

through@0.0.4:
  version "0.0.4"
  resolved "https://registry.yarnpkg.com/through/-/through-0.0.4.tgz#0bf2f0fffafaac4bacbc533667e98aad00b588c8"
  integrity sha512-7CnD8vVnO0XxijtvcOlnkc8d0Wp1LiiPC2S1eO+2jhRw3baMOmA7Tcq3csUywUoQymdsa363K2nMb6sO/SFCOg==

"wordwrap@>=0.0.1 <0.1.0", wordwrap@~0.0.2:
  version "0.0.3"
  resolved "https://registry.yarnpkg.com/wordwrap/-/wordwrap-0.0.3.tgz#a3d5da6cd5c0bc0008d37234bbaf1bed63059107"
  integrity sha512-1tMA907+V4QmxV7dbRvb4/8MaRALK6q9Abid3ndMYnbyo8piisCmeONVqVSXqQA3KaP4SLt5b7ud6E2sqP8TFw==

xregexp@2.0.x:
  version "2.0.0"
  resolved "https://registry.yarnpkg.com/xregexp/-/xregexp-2.0.0.tgz#52a63e56ca0b84a7f3a5f3d61872f126ad7a5943"
  integrity sha512-xl/50/Cf32VsGq/1R8jJE5ajH1yMCQkpmoS10QbFZWl2Oor4H0Me64Pu2yxvsRWK3m6soJbmGfzSR7BYmDcWAA==
